
Microsoft Visual Studio Solution File, Format Version 10.00
# Visual Studio 2008
Project("{FAE04EC0-301F-11D3-BF4B-00C04F79EFBC}") = "MergedTool", "MergedTool\MergedTool.csproj", "{A58A7386-755C-4DF9-A27B-FA2832530BDB}"
EndProject
Project("{FAE04EC0-301F-11D3-BF4B-00C04F79EFBC}") = "XPathVisualizer", "Tool\XPathVisualizer.csproj", "{E31EEE69-4623-4A50-A15C-4335FB02EA49}"
EndProject
Project("{FAE04EC0-301F-11D3-BF4B-00C04F79EFBC}") = "XPathParser", "Parser\XPathParser.csproj", "{A8072758-E8D2-4551-89C2-564BDE162403}"
EndProject
Project("{54435603-DBB4-11D2-8724-00A0C9A8B90C}") = "Setup", "Setup\Setup.vdproj", "{1B5BC0A8-839F-41A6-83CE-481A619E35BB}"
EndProject
Project("{FAE04EC0-301F-11D3-BF4B-00C04F79EFBC}") = "CustomControls", "CustomControls\CustomControls.csproj", "{D7A1E8CB-769B-4EB0-87E0-3051990469D8}"
EndProject
Global
	GlobalSection(TeamFoundationVersionControl) = preSolution
		SccNumberOfProjects = 6
		SccEnterpriseProvider = {4CA58AB2-18FA-4F8D-95D4-32DDF27D184C}
		SccTeamFoundationServer = https://tfs09.codeplex.com/
		SccLocalPath0 = .
		SccProjectUniqueName1 = MergedTool\\MergedTool.csproj
		SccProjectName1 = MergedTool
		SccLocalPath1 = MergedTool
		SccProjectUniqueName2 = Tool\\XPathVisualizer.csproj
		SccProjectName2 = Tool
		SccLocalPath2 = Tool
		SccProjectUniqueName3 = Parser\\XPathParser.csproj
		SccProjectName3 = Parser
		SccLocalPath3 = Parser
		SccProjectUniqueName4 = Setup\\Setup.vdproj
		SccProjectName4 = Setup
		SccLocalPath4 = Setup
		SccProjectUniqueName5 = CustomControls\\CustomControls.csproj
		SccProjectName5 = CustomControls
		SccLocalPath5 = CustomControls
	EndGlobalSection
	GlobalSection(SolutionConfigurationPlatforms) = preSolution
		Debug|Any CPU = Debug|Any CPU
		Release|Any CPU = Release|Any CPU
	EndGlobalSection
	GlobalSection(ProjectConfigurationPlatforms) = postSolution
		{A58A7386-755C-4DF9-A27B-FA2832530BDB}.Debug|Any CPU.ActiveCfg = Debug|Any CPU
		{A58A7386-755C-4DF9-A27B-FA2832530BDB}.Debug|Any CPU.Build.0 = Debug|Any CPU
		{A58A7386-755C-4DF9-A27B-FA2832530BDB}.Release|Any CPU.ActiveCfg = Release|Any CPU
		{A58A7386-755C-4DF9-A27B-FA2832530BDB}.Release|Any CPU.Build.0 = Release|Any CPU
		{E31EEE69-4623-4A50-A15C-4335FB02EA49}.Debug|Any CPU.ActiveCfg = Debug|Any CPU
		{E31EEE69-4623-4A50-A15C-4335FB02EA49}.Debug|Any CPU.Build.0 = Debug|Any CPU
		{E31EEE69-4623-4A50-A15C-4335FB02EA49}.Release|Any CPU.ActiveCfg = Release|Any CPU
		{E31EEE69-4623-4A50-A15C-4335FB02EA49}.Release|Any CPU.Build.0 = Release|Any CPU
		{A8072758-E8D2-4551-89C2-564BDE162403}.Debug|Any CPU.ActiveCfg = Debug|Any CPU
		{A8072758-E8D2-4551-89C2-564BDE162403}.Debug|Any CPU.Build.0 = Debug|Any CPU
		{A8072758-E8D2-4551-89C2-564BDE162403}.Release|Any CPU.ActiveCfg = Release|Any CPU
		{A8072758-E8D2-4551-89C2-564BDE162403}.Release|Any CPU.Build.0 = Release|Any CPU
		{1B5BC0A8-839F-41A6-83CE-481A619E35BB}.Debug|Any CPU.ActiveCfg = Debug
		{1B5BC0A8-839F-41A6-83CE-481A619E35BB}.Debug|Any CPU.Build.0 = Debug
		{1B5BC0A8-839F-41A6-83CE-481A619E35BB}.Release|Any CPU.ActiveCfg = Release
		{1B5BC0A8-839F-41A6-83CE-481A619E35BB}.Release|Any CPU.Build.0 = Release
		{D7A1E8CB-769B-4EB0-87E0-3051990469D8}.Debug|Any CPU.ActiveCfg = Debug|Any CPU
		{D7A1E8CB-769B-4EB0-87E0-3051990469D8}.Debug|Any CPU.Build.0 = Debug|Any CPU
		{D7A1E8CB-769B-4EB0-87E0-3051990469D8}.Release|Any CPU.ActiveCfg = Release|Any CPU
		{D7A1E8CB-769B-4EB0-87E0-3051990469D8}.Release|Any CPU.Build.0 = Release|Any CPU
	EndGlobalSection
	GlobalSection(SolutionProperties) = preSolution
		HideSolutionNode = FALSE
	EndGlobalSection
EndGlobal
